{
  "nodes": {
    "flake-checks": {
      "locked": {
        "lastModified": 1719755104,
        "narHash": "sha256-X1nrRnUqSNNWgmDKvRH8I4cc4kCE4Vn6694adXnnGSo=",
        "owner": "getchoo",
        "repo": "flake-checks",
        "rev": "f0e8a00b8af9cfb553bfd7f90d63899158db6df8",
        "type": "github"
      },
      "original": {
        "owner": "getchoo",
        "repo": "flake-checks",
        "type": "github"
      }
    },
    "nixpkgs": {
      "locked": {
        "lastModified": 1720149507,
        "narHash": "sha256-OFJoD1jjxzFlY1tAsehEWVA88DbU5smzDPQuu9SmnXY=",
        "owner": "NixOS",
        "repo": "nixpkgs",
        "rev": "d9c0b9d611277e42e6db055636ba0409c59db6d2",
        "type": "github"
      },
      "original": {
        "owner": "NixOS",
        "ref": "nixpkgs-unstable",
        "repo": "nixpkgs",
        "type": "github"
      }
    },
    "root": {
      "inputs": {
        "flake-checks": "flake-checks",
        "nixpkgs": "nixpkgs"
      }
    }
  },
  "root": "root",
  "version": 7
}
